// !$*UTF8*$!
{
	archiveVersion = 1;
	classes = {
	};
	objectVersion = 46;
	objects = {

/* Begin PBXBuildFile section */
		5E145FD11CF510D30097C317 /* main.swift in Sources */ = {isa = PBXBuildFile; fileRef = 5E145FD01CF510D30097C317 /* main.swift */; };
		5E145FD81CF511150097C317 /* SSByte.swift in Sources */ = {isa = PBXBuildFile; fileRef = 5E145FD71CF511150097C317 /* SSByte.swift */; };
		5E145FE01CF527F30097C317 /* SSBMTests.swift in Sources */ = {isa = PBXBuildFile; fileRef = 5E145FDF1CF527F30097C317 /* SSBMTests.swift */; };
		5E145FE71CF532E00097C317 /* SSByte.swift in Sources */ = {isa = PBXBuildFile; fileRef = 5E145FD71CF511150097C317 /* SSByte.swift */; };
		5E98B67E1CF7DC49006C9676 /* README.md in Sources */ = {isa = PBXBuildFile; fileRef = 5E98B67D1CF7DC49006C9676 /* README.md */; };
/* End PBXBuildFile section */

/* Begin PBXCopyFilesBuildPhase section */
		5E145FCB1CF510D30097C317 /* CopyFiles */ = {
			isa = PBXCopyFilesBuildPhase;
			buildActionMask = 2147483647;
			dstPath = /usr/share/man/man1/;
			dstSubfolderSpec = 0;
			files = (
			);
			runOnlyForDeploymentPostprocessing = 1;
		};
/* End PBXCopyFilesBuildPhase section */

/* Begin PBXFileReference section */
		5E145FCD1CF510D30097C317 /* Super Swift Bytes Melee */ = {isa = PBXFileReference; explicitFileType = "compiled.mach-o.executable"; includeInIndex = 0; path = "Super Swift Bytes Melee"; sourceTree = BUILT_PRODUCTS_DIR; };
		5E145FD01CF510D30097C317 /* main.swift */ = {isa = PBXFileReference; lastKnownFileType = sourcecode.swift; path = main.swift; sourceTree = "<group>"; };
		5E145FD71CF511150097C317 /* SSByte.swift */ = {isa = PBXFileReference; fileEncoding = 4; lastKnownFileType = sourcecode.swift; path = SSByte.swift; sourceTree = "<group>"; };
		5E145FDD1CF527F30097C317 /* SSBMTests.xctest */ = {isa = PBXFileReference; explicitFileType = wrapper.cfbundle; includeInIndex = 0; path = SSBMTests.xctest; sourceTree = BUILT_PRODUCTS_DIR; };
		5E145FDF1CF527F30097C317 /* SSBMTests.swift */ = {isa = PBXFileReference; lastKnownFileType = sourcecode.swift; path = SSBMTests.swift; sourceTree = "<group>"; };
		5E145FE11CF527F30097C317 /* Info.plist */ = {isa = PBXFileReference; lastKnownFileType = text.plist.xml; path = Info.plist; sourceTree = "<group>"; };
		5E98B67D1CF7DC49006C9676 /* README.md */ = {isa = PBXFileReference; fileEncoding = 4; lastKnownFileType = net.daringfireball.markdown; path = README.md; sourceTree = "<group>"; };
/* End PBXFileReference section */

/* Begin PBXFrameworksBuildPhase section */
		5E145FCA1CF510D30097C317 /* Frameworks */ = {
			isa = PBXFrameworksBuildPhase;
			buildActionMask = 2147483647;
			files = (
			);
			runOnlyForDeploymentPostprocessing = 0;
		};
		5E145FDA1CF527F30097C317 /* Frameworks */ = {
			isa = PBXFrameworksBuildPhase;
			buildActionMask = 2147483647;
			files = (
			);
			runOnlyForDeploymentPostprocessing = 0;
		};
/* End PBXFrameworksBuildPhase section */

/* Begin PBXGroup section */
		5E145FC41CF510D30097C317 = {
			isa = PBXGroup;
			children = (
				5E98B67D1CF7DC49006C9676 /* README.md */,
				5E145FCF1CF510D30097C317 /* Super Swift Bytes Melee */,
				5E145FDE1CF527F30097C317 /* SSBMTests */,
				5E145FCE1CF510D30097C317 /* Products */,
			);
			sourceTree = "<group>";
		};
		5E145FCE1CF510D30097C317 /* Products */ = {
			isa = PBXGroup;
			children = (
				5E145FCD1CF510D30097C317 /* Super Swift Bytes Melee */,
				5E145FDD1CF527F30097C317 /* SSBMTests.xctest */,
			);
			name = Products;
			sourceTree = "<group>";
		};
		5E145FCF1CF510D30097C317 /* Super Swift Bytes Melee */ = {
			isa = PBXGroup;
			children = (
				5E145FD01CF510D30097C317 /* main.swift */,
				5E145FD71CF511150097C317 /* SSByte.swift */,
			);
			path = "Super Swift Bytes Melee";
			sourceTree = "<group>";
		};
		5E145FDE1CF527F30097C317 /* SSBMTests */ = {
			isa = PBXGroup;
			children = (
				5E145FDF1CF527F30097C317 /* SSBMTests.swift */,
				5E145FE11CF527F30097C317 /* Info.plist */,
			);
			path = SSBMTests;
			sourceTree = "<group>";
		};
/* End PBXGroup section */

/* Begin PBXNativeTarget section */
		5E145FCC1CF510D30097C317 /* Super Swift Bytes Melee */ = {
			isa = PBXNativeTarget;
			buildConfigurationList = 5E145FD41CF510D30097C317 /* Build configuration list for PBXNativeTarget "Super Swift Bytes Melee" */;
			buildPhases = (
				5E145FC91CF510D30097C317 /* Sources */,
				5E145FCA1CF510D30097C317 /* Frameworks */,
				5E145FCB1CF510D30097C317 /* CopyFiles */,
			);
			buildRules = (
			);
			dependencies = (
			);
			name = "Super Swift Bytes Melee";
			productName = "Super Swift Bytes Melee";
			productReference = 5E145FCD1CF510D30097C317 /* Super Swift Bytes Melee */;
			productType = "com.apple.product-type.tool";
		};
		5E145FDC1CF527F30097C317 /* SSBMTests */ = {
			isa = PBXNativeTarget;
			buildConfigurationList = 5E145FE21CF527F30097C317 /* Build configuration list for PBXNativeTarget "SSBMTests" */;
			buildPhases = (
				5E145FD91CF527F30097C317 /* Sources */,
				5E145FDA1CF527F30097C317 /* Frameworks */,
				5E145FDB1CF527F30097C317 /* Resources */,
			);
			buildRules = (
			);
			dependencies = (
			);
			name = SSBMTests;
			productName = SSBMTests;
			productReference = 5E145FDD1CF527F30097C317 /* SSBMTests.xctest */;
			productType = "com.apple.product-type.bundle.unit-test";
		};
/* End PBXNativeTarget section */

/* Begin PBXProject section */
		5E145FC51CF510D30097C317 /* Project object */ = {
			isa = PBXProject;
			attributes = {
				LastSwiftUpdateCheck = 0730;
				LastUpgradeCheck = 0730;
				ORGANIZATIONNAME = "Joe Wilcoxson";
				TargetAttributes = {
					5E145FCC1CF510D30097C317 = {
						CreatedOnToolsVersion = 7.3.1;
						LastSwiftMigration = 0830;
					};
					5E145FDC1CF527F30097C317 = {
						CreatedOnToolsVersion = 7.3.1;
					};
				};
			};
			buildConfigurationList = 5E145FC81CF510D30097C317 /* Build configuration list for PBXProject "Super Swift Bytes Melee" */;
			compatibilityVersion = "Xcode 3.2";
			developmentRegion = English;
			hasScannedForEncodings = 0;
			knownRegions = (
				en,
			);
			mainGroup = 5E145FC41CF510D30097C317;
			productRefGroup = 5E145FCE1CF510D30097C317 /* Products */;
			projectDirPath = "";
			projectRoot = "";
			targets = (
				5E145FCC1CF510D30097C317 /* Super Swift Bytes Melee */,
				5E145FDC1CF527F30097C317 /* SSBMTests */,
			);
		};
/* End PBXProject section */

/* Begin PBXResourcesBuildPhase section */
		5E145FDB1CF527F30097C317 /* Resources */ = {
			isa = PBXResourcesBuildPhase;
			buildActionMask = 2147483647;
			files = (
			);
			runOnlyForDeploymentPostprocessing = 0;
		};
/* End PBXResourcesBuildPhase section */

/* Begin PBXSourcesBuildPhase section */
		5E145FC91CF510D30097C317 /* Sources */ = {
			isa = PBXSourcesBuildPhase;
			buildActionMask = 2147483647;
			files = (
				5E98B67E1CF7DC49006C9676 /* README.md in Sources */,
				5E145FD11CF510D30097C317 /* main.swift in Sources */,
				5E145FD81CF511150097C317 /* SSByte.swift in Sources */,
			);
			runOnlyForDeploymentPostprocessing = 0;
		};
		5E145FD91CF527F30097C317 /* Sources */ = {
			isa = PBXSourcesBuildPhase;
			buildActionMask = 2147483647;
			files = (
				5E145FE71CF532E00097C317 /* SSByte.swift in Sources */,
				5E145FE01CF527F30097C317 /* SSBMTests.swift in Sources */,
			);
			runOnlyForDeploymentPostprocessing = 0;
		};
/* End PBXSourcesBuildPhase section */

/* Begin XCBuildConfiguration section */
		5E145FD21CF510D30097C317 /* Debug */ = {
			isa = XCBuildConfiguration;
			buildSettings = {
				ALWAYS_SEARCH_USER_PATHS = NO;
				CLANG_ANALYZER_NONNULL = YES;
				CLANG_CXX_LANGUAGE_STANDARD = "gnu++0x";
				CLANG_CXX_LIBRARY = "libc++";
				CLANG_ENABLE_MODULES = YES;
				CLANG_ENABLE_OBJC_ARC = YES;
				CLANG_WARN_BOOL_CONVERSION = YES;
				CLANG_WARN_CONSTANT_CONVERSION = YES;
				CLANG_WARN_DIRECT_OBJC_ISA_USAGE = YES_ERROR;
				CLANG_WARN_EMPTY_BODY = YES;
				CLANG_WARN_ENUM_CONVERSION = YES;
				CLANG_WARN_INT_CONVERSION = YES;
				CLANG_WARN_OBJC_ROOT_CLASS = YES_ERROR;
				CLANG_WARN_UNREACHABLE_CODE = YES;
				CLANG_WARN__DUPLICATE_METHOD_MATCH = YES;
				CODE_SIGN_IDENTITY = "-";
				COPY_PHASE_STRIP = NO;
				DEBUG_INFORMATION_FORMAT = dwarf;
				ENABLE_STRICT_OBJC_MSGSEND = YES;
				ENABLE_TESTABILITY = YES;
				GCC_C_LANGUAGE_STANDARD = gnu99;
				GCC_DYNAMIC_NO_PIC = NO;
				GCC_NO_COMMON_BLOCKS = YES;
				GCC_OPTIMIZATION_LEVEL = 0;
				GCC_PREPROCESSOR_DEFINITIONS = (
					"DEBUG=1",
					"$(inherited)",
				);
				GCC_WARN_64_TO_32_BIT_CONVERSION = YES;
				GCC_WARN_ABOUT_RETURN_TYPE = YES_ERROR;
				GCC_WARN_UNDECLARED_SELECTOR = YES;
				GCC_WARN_UNINITIALIZED_AUTOS = YES_AGGRESSIVE;
				GCC_WARN_UNUSED_FUNCTION = YES;
				GCC_WARN_UNUSED_VARIABLE = YES;
				MACOSX_DEPLOYMENT_TARGET = 10.11;
				MTL_ENABLE_DEBUG_INFO = YES;
				ONLY_ACTIVE_ARCH = YES;
				SDKROOT = macosx;
				SWIFT_OPTIMIZATION_LEVEL = "-Onone";
			};
			name = Debug;
		};
		5E145FD31CF510D30097C317 /* Release */ = {
			isa = XCBuildConfiguration;
			buildSettings = {
				ALWAYS_SEARCH_USER_PATHS = NO;
				CLANG_ANALYZER_NONNULL = YES;
				CLANG_CXX_LANGUAGE_STANDARD = "gnu++0x";
				CLANG_CXX_LIBRARY = "libc++";
				CLANG_ENABLE_MODULES = YES;
				CLANG_ENABLE_OBJC_ARC = YES;
				CLANG_WARN_BOOL_CONVERSION = YES;
				CLANG_WARN_CONSTANT_CONVERSION = YES;
				CLANG_WARN_DIRECT_OBJC_ISA_USAGE = YES_ERROR;
				CLANG_WARN_EMPTY_BODY = YES;
				CLANG_WARN_ENUM_CONVERSION = YES;
				CLANG_WARN_INT_CONVERSION = YES;
				CLANG_WARN_OBJC_ROOT_CLASS = YES_ERROR;
				CLANG_WARN_UNREACHABLE_CODE = YES;
				CLANG_WARN__DUPLICATE_METHOD_MATCH = YES;
				CODE_SIGN_IDENTITY = "-";
				COPY_PHASE_STRIP = NO;
				DEBUG_INFORMATION_FORMAT = "dwarf-with-dsym";
				ENABLE_NS_ASSERTIONS = NO;
				ENABLE_STRICT_OBJC_MSGSEND = YES;
				GCC_C_LANGUAGE_STANDARD = gnu99;
				GCC_NO_COMMON_BLOCKS = YES;
				GCC_WARN_64_TO_32_BIT_CONVERSION = YES;
				GCC_WARN_ABOUT_RETURN_TYPE = YES_ERROR;
				GCC_WARN_UNDECLARED_SELECTOR = YES;
				GCC_WARN_UNINITIALIZED_AUTOS = YES_AGGRESSIVE;
				GCC_WARN_UNUSED_FUNCTION = YES;
				GCC_WARN_UNUSED_VARIABLE = YES;
				MACOSX_DEPLOYMENT_TARGET = 10.11;
				MTL_ENABLE_DEBUG_INFO = NO;
				SDKROOT = macosx;
			};
			name = Release;
		};
		5E145FD51CF510D30097C317 /* Debug */ = {
			isa = XCBuildConfiguration;
			buildSettings = {
				DEFINES_MODULE = NO;
				PRODUCT_NAME = "$(TARGET_NAME)";
				SWIFT_VERSION = 3.0;
			};
			name = Debug;
		};
		5E145FD61CF510D30097C317 /* Release */ = {
			isa = XCBuildConfiguration;
			buildSettings = {
				DEFINES_MODULE = NO;
				PRODUCT_NAME = "$(TARGET_NAME)";
				SWIFT_VERSION = 3.0;
			};
			name = Release;
		};
		5E145FE31CF527F30097C317 /* Debug */ = {
			isa = XCBuildConfiguration;
			buildSettings = {
				COMBINE_HIDPI_IMAGES = YES;
				INFOPLIST_FILE = SSBMTests/Info.plist;
				LD_RUNPATH_SEARCH_PATHS = "$(inherited) @executable_path/../Frameworks @loader_path/../Frameworks";
				PRODUCT_BUNDLE_IDENTIFIER = xyz.wilcoxson.SSBMTests;
				PRODUCT_NAME = "$(TARGET_NAME)";
			};
			name = Debug;
		};
		5E145FE41CF527F30097C317 /* Release */ = {
			isa = XCBuildConfiguration;
			buildSettings = {
				COMBINE_HIDPI_IMAGES = YES;
				INFOPLIST_FILE = SSBMTests/Info.plist;
				LD_RUNPATH_SEARCH_PATHS = "$(inherited) @executable_path/../Frameworks @loader_path/../Frameworks";
				PRODUCT_BUNDLE_IDENTIFIER = xyz.wilcoxson.SSBMTests;
				PRODUCT_NAME = "$(TARGET_NAME)";
			};
			name = Release;
		};
/* End XCBuildConfiguration section */

/* Begin XCConfigurationList section */
		5E145FC81CF510D30097C317 /* Build configuration list for PBXProject "Super Swift Bytes Melee" */ = {
			isa = XCConfigurationList;
			buildConfigurations = (
				5E145FD21CF510D30097C317 /* Debug */,
				5E145FD31CF510D30097C317 /* Release */,
			);
			defaultConfigurationIsVisible = 0;
			defaultConfigurationName = Release;
		};
		5E145FD41CF510D30097C317 /* Build configuration list for PBXNativeTarget "Super Swift Bytes Melee" */ = {
			isa = XCConfigurationList;
			buildConfigurations = (
				5E145FD51CF510D30097C317 /* Debug */,
				5E145FD61CF510D30097C317 /* Release */,
			);
			defaultConfigurationIsVisible = 0;
			defaultConfigurationName = Release;
		};
		5E145FE21CF527F30097C317 /* Build configuration list for PBXNativeTarget "SSBMTests" */ = {
			isa = XCConfigurationList;
			buildConfigurations = (
				5E145FE31CF527F30097C317 /* Debug */,
				5E145FE41CF527F30097C317 /* Release */,
			);
			defaultConfigurationIsVisible = 0;
			defaultConfigurationName = Release;
		};
/* End XCConfigurationList section */
	};
	rootObject = 5E145FC51CF510D30097C317 /* Project object */;
}
